
Microsoft Visual Studio Solution File, Format Version 12.00
# Visual Studio 15
VisualStudioVersion = 15.0.28307.271
MinimumVisualStudioVersion = 10.0.40219.1
Project("{FAE04EC0-301F-11D3-BF4B-00C04F79EFBC}") = "HelloWorld", "HelloWorld\HelloWorld.csproj", "{C785FB30-E0D1-4D00-9C10-EE8E52862D2A}"
EndProject
Project("{FAE04EC0-301F-11D3-BF4B-00C04F79EFBC}") = "MangoTraining.Business", "MangoTraining.Business\MangoTraining.Business.csproj", "{83C6143D-2E45-4BAF-BE10-C5EBBE1D1B80}"
EndProject
Project("{FAE04EC0-301F-11D3-BF4B-00C04F79EFBC}") = "MangoTraining.App", "MangoTraining.App\MangoTraining.App.csproj", "{1D384DD9-7EBB-4DCA-A09C-C251806A87A3}"
EndProject
Project("{FAE04EC0-301F-11D3-BF4B-00C04F79EFBC}") = "MangoTraining.AppWeb", "MangoTraining.AppWeb\MangoTraining.AppWeb.csproj", "{F4DDB089-F176-48A4-AA9E-E639CD55474C}"
EndProject
Global
	GlobalSection(SolutionConfigurationPlatforms) = preSolution
		Debug|Any CPU = Debug|Any CPU
		Release|Any CPU = Release|Any CPU
	EndGlobalSection
	GlobalSection(ProjectConfigurationPlatforms) = postSolution
		{C785FB30-E0D1-4D00-9C10-EE8E52862D2A}.Debug|Any CPU.ActiveCfg = Debug|Any CPU
		{C785FB30-E0D1-4D00-9C10-EE8E52862D2A}.Debug|Any CPU.Build.0 = Debug|Any CPU
		{C785FB30-E0D1-4D00-9C10-EE8E52862D2A}.Release|Any CPU.ActiveCfg = Release|Any CPU
		{C785FB30-E0D1-4D00-9C10-EE8E52862D2A}.Release|Any CPU.Build.0 = Release|Any CPU
		{83C6143D-2E45-4BAF-BE10-C5EBBE1D1B80}.Debug|Any CPU.ActiveCfg = Debug|Any CPU
		{83C6143D-2E45-4BAF-BE10-C5EBBE1D1B80}.Debug|Any CPU.Build.0 = Debug|Any CPU
		{83C6143D-2E45-4BAF-BE10-C5EBBE1D1B80}.Release|Any CPU.ActiveCfg = Release|Any CPU
		{83C6143D-2E45-4BAF-BE10-C5EBBE1D1B80}.Release|Any CPU.Build.0 = Release|Any CPU
		{1D384DD9-7EBB-4DCA-A09C-C251806A87A3}.Debug|Any CPU.ActiveCfg = Debug|Any CPU
		{1D384DD9-7EBB-4DCA-A09C-C251806A87A3}.Debug|Any CPU.Build.0 = Debug|Any CPU
		{1D384DD9-7EBB-4DCA-A09C-C251806A87A3}.Debug|Any CPU.Deploy.0 = Debug|Any CPU
		{1D384DD9-7EBB-4DCA-A09C-C251806A87A3}.Release|Any CPU.ActiveCfg = Release|Any CPU
		{1D384DD9-7EBB-4DCA-A09C-C251806A87A3}.Release|Any CPU.Build.0 = Release|Any CPU
		{1D384DD9-7EBB-4DCA-A09C-C251806A87A3}.Release|Any CPU.Deploy.0 = Release|Any CPU
		{F4DDB089-F176-48A4-AA9E-E639CD55474C}.Debug|Any CPU.ActiveCfg = Debug|Any CPU
		{F4DDB089-F176-48A4-AA9E-E639CD55474C}.Debug|Any CPU.Build.0 = Debug|Any CPU
		{F4DDB089-F176-48A4-AA9E-E639CD55474C}.Release|Any CPU.ActiveCfg = Release|Any CPU
		{F4DDB089-F176-48A4-AA9E-E639CD55474C}.Release|Any CPU.Build.0 = Release|Any CPU
	EndGlobalSection
	GlobalSection(SolutionProperties) = preSolution
		HideSolutionNode = FALSE
	EndGlobalSection
	GlobalSection(ExtensibilityGlobals) = postSolution
		SolutionGuid = {B9C85CF1-C95D-4495-8501-2CF398D33680}
	EndGlobalSection
EndGlobal
